schema: '2.0'
stages:
  data_ingestion:
    cmd: python src/pipeline/stage01_data_ingestion.py
    deps:
    - path: src/config.yaml
      hash: md5
      md5: 569cc6a54e1ba4672f40477a89cdb8fc
      size: 793
    - path: src/pipeline/stage01_data_ingestion.py
      hash: md5
      md5: e122ea93dbb15a658c5939be089a2e8c
      size: 1091
    outs:
    - path: data/raw/winequality-red.csv
      hash: md5
      md5: 6a883fd98624e18c0b7ce251f4fab4fb
      size: 100951
